
Microsoft Visual Studio Solution File, Format Version 12.00
# Visual Studio Version 17
VisualStudioVersion = 17.8.34525.116
MinimumVisualStudioVersion = 10.0.40219.1
Project("{FAE04EC0-301F-11D3-BF4B-00C04F79EFBC}") = "Lesson04_Collection02", "Lesson04_Collection02\Lesson04_Collection02.csproj", "{B75EE170-7408-4253-83E0-02859896A35C}"
EndProject
Global
	GlobalSection(SolutionConfigurationPlatforms) = preSolution
		Debug|Any CPU = Debug|Any CPU
		Release|Any CPU = Release|Any CPU
	EndGlobalSection
	GlobalSection(ProjectConfigurationPlatforms) = postSolution
		{B75EE170-7408-4253-83E0-02859896A35C}.Debug|Any CPU.ActiveCfg = Debug|Any CPU
		{B75EE170-7408-4253-83E0-02859896A35C}.Debug|Any CPU.Build.0 = Debug|Any CPU
		{B75EE170-7408-4253-83E0-02859896A35C}.Release|Any CPU.ActiveCfg = Release|Any CPU
		{B75EE170-7408-4253-83E0-02859896A35C}.Release|Any CPU.Build.0 = Release|Any CPU
	EndGlobalSection
	GlobalSection(SolutionProperties) = preSolution
		HideSolutionNode = FALSE
	EndGlobalSection
	GlobalSection(ExtensibilityGlobals) = postSolution
		SolutionGuid = {F6D73C4B-F04B-4BE2-8777-B1FB82EDC0CD}
	EndGlobalSection
EndGlobal
