
Microsoft Visual Studio Solution File, Format Version 12.00
# Visual Studio Version 17
VisualStudioVersion = 17.8.34525.116
MinimumVisualStudioVersion = 10.0.40219.1
Project("{FAE04EC0-301F-11D3-BF4B-00C04F79EFBC}") = "Lesson09_Serialization", "Lesson09_Serialization\Lesson09_Serialization.csproj", "{C535E87E-9349-4684-B27A-23F23D18FA4A}"
EndProject
Project("{FAE04EC0-301F-11D3-BF4B-00C04F79EFBC}") = "Convert_JSON_To_XML", "Convert_JSON_To_XML\Convert_JSON_To_XML.csproj", "{9B939E8A-AF39-4475-8FD0-01E61B8FD3D1}"
EndProject
Global
	GlobalSection(SolutionConfigurationPlatforms) = preSolution
		Debug|Any CPU = Debug|Any CPU
		Release|Any CPU = Release|Any CPU
	EndGlobalSection
	GlobalSection(ProjectConfigurationPlatforms) = postSolution
		{C535E87E-9349-4684-B27A-23F23D18FA4A}.Debug|Any CPU.ActiveCfg = Debug|Any CPU
		{C535E87E-9349-4684-B27A-23F23D18FA4A}.Debug|Any CPU.Build.0 = Debug|Any CPU
		{C535E87E-9349-4684-B27A-23F23D18FA4A}.Release|Any CPU.ActiveCfg = Release|Any CPU
		{C535E87E-9349-4684-B27A-23F23D18FA4A}.Release|Any CPU.Build.0 = Release|Any CPU
		{9B939E8A-AF39-4475-8FD0-01E61B8FD3D1}.Debug|Any CPU.ActiveCfg = Debug|Any CPU
		{9B939E8A-AF39-4475-8FD0-01E61B8FD3D1}.Debug|Any CPU.Build.0 = Debug|Any CPU
		{9B939E8A-AF39-4475-8FD0-01E61B8FD3D1}.Release|Any CPU.ActiveCfg = Release|Any CPU
		{9B939E8A-AF39-4475-8FD0-01E61B8FD3D1}.Release|Any CPU.Build.0 = Release|Any CPU
	EndGlobalSection
	GlobalSection(SolutionProperties) = preSolution
		HideSolutionNode = FALSE
	EndGlobalSection
	GlobalSection(ExtensibilityGlobals) = postSolution
		SolutionGuid = {F6D73C4B-F04B-4BE2-8777-B1FB82EDC0CD}
	EndGlobalSection
EndGlobal
