
Microsoft Visual Studio Solution File, Format Version 12.00
# Visual Studio Version 17
VisualStudioVersion = 17.8.34525.116
MinimumVisualStudioVersion = 10.0.40219.1
Project("{FAE04EC0-301F-11D3-BF4B-00C04F79EFBC}") = "Lesson10_NetworkClientAndServerApplications", "Lesson10_NetworkClientAndServerApplications\Lesson10_NetworkClientAndServerApplications.csproj", "{03A0E38D-859C-4513-99C5-B2CC390ED7B2}"
EndProject
Project("{2150E333-8FDC-42A3-9474-1A3956D46DE8}") = "Solution Items", "Solution Items", "{0A899676-246B-4F91-A86B-E0BC1C72F0D7}"
	ProjectSection(SolutionItems) = preProject
		.editorconfig = .editorconfig
	EndProjectSection
EndProject
Project("{FAE04EC0-301F-11D3-BF4B-00C04F79EFBC}") = "Client", "Client\Client.csproj", "{48B5DE95-5EA6-449F-A20B-4EB75E0E3C07}"
EndProject
Global
	GlobalSection(SolutionConfigurationPlatforms) = preSolution
		Debug|Any CPU = Debug|Any CPU
		Release|Any CPU = Release|Any CPU
	EndGlobalSection
	GlobalSection(ProjectConfigurationPlatforms) = postSolution
		{03A0E38D-859C-4513-99C5-B2CC390ED7B2}.Debug|Any CPU.ActiveCfg = Debug|Any CPU
		{03A0E38D-859C-4513-99C5-B2CC390ED7B2}.Debug|Any CPU.Build.0 = Debug|Any CPU
		{03A0E38D-859C-4513-99C5-B2CC390ED7B2}.Release|Any CPU.ActiveCfg = Release|Any CPU
		{03A0E38D-859C-4513-99C5-B2CC390ED7B2}.Release|Any CPU.Build.0 = Release|Any CPU
		{48B5DE95-5EA6-449F-A20B-4EB75E0E3C07}.Debug|Any CPU.ActiveCfg = Debug|Any CPU
		{48B5DE95-5EA6-449F-A20B-4EB75E0E3C07}.Debug|Any CPU.Build.0 = Debug|Any CPU
		{48B5DE95-5EA6-449F-A20B-4EB75E0E3C07}.Release|Any CPU.ActiveCfg = Release|Any CPU
		{48B5DE95-5EA6-449F-A20B-4EB75E0E3C07}.Release|Any CPU.Build.0 = Release|Any CPU
	EndGlobalSection
	GlobalSection(SolutionProperties) = preSolution
		HideSolutionNode = FALSE
	EndGlobalSection
	GlobalSection(ExtensibilityGlobals) = postSolution
		SolutionGuid = {F6D73C4B-F04B-4BE2-8777-B1FB82EDC0CD}
	EndGlobalSection
EndGlobal
